
Microsoft Visual Studio Solution File, Format Version 12.00
# Visual Studio Version 17
VisualStudioVersion = 17.11.35303.130
MinimumVisualStudioVersion = 10.0.40219.1
Project("{2150E333-8FDC-42A3-9474-1A3956D46DE8}") = "Task0", "Task0", "{79E8F122-6254-4416-A3B1-073C60020402}"
EndProject
Project("{9A19103F-16F7-4668-BE54-9A1E7A4F7556}") = "Tyuiu.MedyanichevDI.Sprint1.Task0.V14", "Tyuiu.MedyanichevDI.Sprint1.Task0.V14\Tyuiu.MedyanichevDI.Sprint1.Task0.V14.csproj", "{4DE05818-7221-401F-9EB2-83635DFE301E}"
EndProject
Project("{9A19103F-16F7-4668-BE54-9A1E7A4F7556}") = "Tyuiu.MedyanichevDI.Sprint1.Task0.V14.Test", "Tyuiu.MedyanichevDI.Sprint1.Task0.V14.Test\Tyuiu.MedyanichevDI.Sprint1.Task0.V14.Test.csproj", "{7995BE97-CA72-43E0-B1A8-E92BDE005168}"
EndProject
Project("{9A19103F-16F7-4668-BE54-9A1E7A4F7556}") = "Tyuiu.MedyanichevDI.Sprint1.Task0.V14.Lib", "Tyuiu.MedyanichevDI.Sprint1.Task0.V14.Lib\Tyuiu.MedyanichevDI.Sprint1.Task0.V14.Lib.csproj", "{BB5B6213-55CA-4432-AAC2-949F346360EF}"
EndProject
Project("{2150E333-8FDC-42A3-9474-1A3956D46DE8}") = "Task1", "Task1", "{ACC4F2E2-B852-4766-94A1-E094FAEF4EB5}"
EndProject
Project("{9A19103F-16F7-4668-BE54-9A1E7A4F7556}") = "Tyuiu.MedyanichevDI.Sprint1.Task1.V28", "Tyuiu.MedyanichevDI.Sprint1.Task1.V28\Tyuiu.MedyanichevDI.Sprint1.Task1.V28.csproj", "{AA98D28F-DDBD-498E-94C2-CA6959806017}"
EndProject
Project("{9A19103F-16F7-4668-BE54-9A1E7A4F7556}") = "Tyuiu.MedyanichevDI.Sprint1.Task1.V28.Lib", "Tyuiu.MedyanichevDI.Sprint1.Task1.V28.Lib\Tyuiu.MedyanichevDI.Sprint1.Task1.V28.Lib.csproj", "{3FA4ACB3-0AF3-4DC2-872E-534052F3F3A2}"
EndProject
Project("{9A19103F-16F7-4668-BE54-9A1E7A4F7556}") = "Tyuiu.MedyanichevDI.Sprint1.Task1.V28.Test", "Tyuiu.MedyanichevDI.Sprint1.Task1.V28.Test\Tyuiu.MedyanichevDI.Sprint1.Task1.V28.Test.csproj", "{8C81B535-C00D-4808-89F1-191FFFAFAA09}"
EndProject
Project("{2150E333-8FDC-42A3-9474-1A3956D46DE8}") = "Task2", "Task2", "{A8203789-1F64-406B-99E7-965924F4E462}"
EndProject
Project("{9A19103F-16F7-4668-BE54-9A1E7A4F7556}") = "Tyuiu.MedyanichevDI.Sprint1.Task2.V8", "Tyuiu.MedyanichevDI.Sprint1.Task2.V8\Tyuiu.MedyanichevDI.Sprint1.Task2.V8.csproj", "{A02B22C9-C5BD-4CAE-A13E-A077ED1B117D}"
EndProject
Project("{9A19103F-16F7-4668-BE54-9A1E7A4F7556}") = "Tyuiu.MedyanichevDI.Sprint1.Task2.V8.Lib", "Tyuiu.MedyanichevDI.Sprint1.Task2.V8.Lib\Tyuiu.MedyanichevDI.Sprint1.Task2.V8.Lib.csproj", "{35905C7F-4DE5-4B0D-93BC-CA208ADFA8DE}"
EndProject
Project("{9A19103F-16F7-4668-BE54-9A1E7A4F7556}") = "Tyuiu.MedyanichevDI.Sprint1.Task2.V8.Test", "Tyuiu.MedyanichevDI.Sprint1.Task2.V8.Test\Tyuiu.MedyanichevDI.Sprint1.Task2.V8.Test.csproj", "{82DCC8F6-9A4D-4E46-B648-2D2FA0DA4C92}"
EndProject
Project("{2150E333-8FDC-42A3-9474-1A3956D46DE8}") = "Task4", "Task4", "{B9222B0D-2D28-4580-B14E-26426C189F8E}"
EndProject
Project("{FAE04EC0-301F-11D3-BF4B-00C04F79EFBC}") = "Tyuiu.MedyanichevDI.Sprint1.Task4.V20", "Tyuiu.MedyanichevDI.Sprint1.Task4.V20\Tyuiu.MedyanichevDI.Sprint1.Task4.V20.csproj", "{4B6A957F-858C-41B3-8495-08D6D1C7905C}"
EndProject
Project("{FAE04EC0-301F-11D3-BF4B-00C04F79EFBC}") = "Tyuiu.MedyanichevDI.Sprint1.Task4.V20.Lib", "Tyuiu.MedyanichevDI.Sprint1.Task4.V20.Lib\Tyuiu.MedyanichevDI.Sprint1.Task4.V20.Lib.csproj", "{BE630FBE-D5B0-4834-AA08-386F36588829}"
EndProject
Project("{FAE04EC0-301F-11D3-BF4B-00C04F79EFBC}") = "Tyuiu.MedyanichevDI.Sprint1.Task4.V20.Test", "Tyuiu.MedyanichevDI.Sprint1.Task4.V20.Test\Tyuiu.MedyanichevDI.Sprint1.Task4.V20.Test.csproj", "{DED5A2C3-C736-44D6-B15C-D985A404E8E0}"
EndProject
Project("{2150E333-8FDC-42A3-9474-1A3956D46DE8}") = "Task5", "Task5", "{DA4385BE-9131-4FC8-876B-74E8A41931BD}"
EndProject
Project("{FAE04EC0-301F-11D3-BF4B-00C04F79EFBC}") = "Tyuiu.MedyanichevDI.Sprint1.Task5.V3", "Tyuiu.MedyanichevDI.Sprint1.Task5.V3\Tyuiu.MedyanichevDI.Sprint1.Task5.V3.csproj", "{78E4FB5C-CAD8-4B4D-A14D-58072074E818}"
EndProject
Project("{FAE04EC0-301F-11D3-BF4B-00C04F79EFBC}") = "Tyuiu.MedyanichevDI.Sprint1.Task5.V3.Lib", "Tyuiu.MedyanichevDI.Sprint1.Task5.V3.Lib\Tyuiu.MedyanichevDI.Sprint1.Task5.V3.Lib.csproj", "{BCA7330C-CB0D-4C83-AF23-163845D8C8BF}"
EndProject
Project("{FAE04EC0-301F-11D3-BF4B-00C04F79EFBC}") = "Tyuiu.MedyanichevDI.Sprint1.Task5.V3.Test", "Tyuiu.MedyanichevDI.Sprint1.Task5.V3.Test\Tyuiu.MedyanichevDI.Sprint1.Task5.V3.Test.csproj", "{55D3E5F7-42FC-485C-A25A-2A5B19841763}"
EndProject
Global
	GlobalSection(SolutionConfigurationPlatforms) = preSolution
		Debug|Any CPU = Debug|Any CPU
		Release|Any CPU = Release|Any CPU
	EndGlobalSection
	GlobalSection(ProjectConfigurationPlatforms) = postSolution
		{4DE05818-7221-401F-9EB2-83635DFE301E}.Debug|Any CPU.ActiveCfg = Debug|Any CPU
		{4DE05818-7221-401F-9EB2-83635DFE301E}.Debug|Any CPU.Build.0 = Debug|Any CPU
		{4DE05818-7221-401F-9EB2-83635DFE301E}.Release|Any CPU.ActiveCfg = Release|Any CPU
		{4DE05818-7221-401F-9EB2-83635DFE301E}.Release|Any CPU.Build.0 = Release|Any CPU
		{7995BE97-CA72-43E0-B1A8-E92BDE005168}.Debug|Any CPU.ActiveCfg = Debug|Any CPU
		{7995BE97-CA72-43E0-B1A8-E92BDE005168}.Debug|Any CPU.Build.0 = Debug|Any CPU
		{7995BE97-CA72-43E0-B1A8-E92BDE005168}.Release|Any CPU.ActiveCfg = Release|Any CPU
		{7995BE97-CA72-43E0-B1A8-E92BDE005168}.Release|Any CPU.Build.0 = Release|Any CPU
		{BB5B6213-55CA-4432-AAC2-949F346360EF}.Debug|Any CPU.ActiveCfg = Debug|Any CPU
		{BB5B6213-55CA-4432-AAC2-949F346360EF}.Debug|Any CPU.Build.0 = Debug|Any CPU
		{BB5B6213-55CA-4432-AAC2-949F346360EF}.Release|Any CPU.ActiveCfg = Release|Any CPU
		{BB5B6213-55CA-4432-AAC2-949F346360EF}.Release|Any CPU.Build.0 = Release|Any CPU
		{AA98D28F-DDBD-498E-94C2-CA6959806017}.Debug|Any CPU.ActiveCfg = Debug|Any CPU
		{AA98D28F-DDBD-498E-94C2-CA6959806017}.Debug|Any CPU.Build.0 = Debug|Any CPU
		{AA98D28F-DDBD-498E-94C2-CA6959806017}.Release|Any CPU.ActiveCfg = Release|Any CPU
		{AA98D28F-DDBD-498E-94C2-CA6959806017}.Release|Any CPU.Build.0 = Release|Any CPU
		{3FA4ACB3-0AF3-4DC2-872E-534052F3F3A2}.Debug|Any CPU.ActiveCfg = Debug|Any CPU
		{3FA4ACB3-0AF3-4DC2-872E-534052F3F3A2}.Debug|Any CPU.Build.0 = Debug|Any CPU
		{3FA4ACB3-0AF3-4DC2-872E-534052F3F3A2}.Release|Any CPU.ActiveCfg = Release|Any CPU
		{3FA4ACB3-0AF3-4DC2-872E-534052F3F3A2}.Release|Any CPU.Build.0 = Release|Any CPU
		{8C81B535-C00D-4808-89F1-191FFFAFAA09}.Debug|Any CPU.ActiveCfg = Debug|Any CPU
		{8C81B535-C00D-4808-89F1-191FFFAFAA09}.Debug|Any CPU.Build.0 = Debug|Any CPU
		{8C81B535-C00D-4808-89F1-191FFFAFAA09}.Release|Any CPU.ActiveCfg = Release|Any CPU
		{8C81B535-C00D-4808-89F1-191FFFAFAA09}.Release|Any CPU.Build.0 = Release|Any CPU
		{A02B22C9-C5BD-4CAE-A13E-A077ED1B117D}.Debug|Any CPU.ActiveCfg = Debug|Any CPU
		{A02B22C9-C5BD-4CAE-A13E-A077ED1B117D}.Debug|Any CPU.Build.0 = Debug|Any CPU
		{A02B22C9-C5BD-4CAE-A13E-A077ED1B117D}.Release|Any CPU.ActiveCfg = Release|Any CPU
		{A02B22C9-C5BD-4CAE-A13E-A077ED1B117D}.Release|Any CPU.Build.0 = Release|Any CPU
		{35905C7F-4DE5-4B0D-93BC-CA208ADFA8DE}.Debug|Any CPU.ActiveCfg = Debug|Any CPU
		{35905C7F-4DE5-4B0D-93BC-CA208ADFA8DE}.Debug|Any CPU.Build.0 = Debug|Any CPU
		{35905C7F-4DE5-4B0D-93BC-CA208ADFA8DE}.Release|Any CPU.ActiveCfg = Release|Any CPU
		{35905C7F-4DE5-4B0D-93BC-CA208ADFA8DE}.Release|Any CPU.Build.0 = Release|Any CPU
		{82DCC8F6-9A4D-4E46-B648-2D2FA0DA4C92}.Debug|Any CPU.ActiveCfg = Debug|Any CPU
		{82DCC8F6-9A4D-4E46-B648-2D2FA0DA4C92}.Debug|Any CPU.Build.0 = Debug|Any CPU
		{82DCC8F6-9A4D-4E46-B648-2D2FA0DA4C92}.Release|Any CPU.ActiveCfg = Release|Any CPU
		{82DCC8F6-9A4D-4E46-B648-2D2FA0DA4C92}.Release|Any CPU.Build.0 = Release|Any CPU
		{4B6A957F-858C-41B3-8495-08D6D1C7905C}.Debug|Any CPU.ActiveCfg = Debug|Any CPU
		{4B6A957F-858C-41B3-8495-08D6D1C7905C}.Debug|Any CPU.Build.0 = Debug|Any CPU
		{4B6A957F-858C-41B3-8495-08D6D1C7905C}.Release|Any CPU.ActiveCfg = Release|Any CPU
		{4B6A957F-858C-41B3-8495-08D6D1C7905C}.Release|Any CPU.Build.0 = Release|Any CPU
		{BE630FBE-D5B0-4834-AA08-386F36588829}.Debug|Any CPU.ActiveCfg = Debug|Any CPU
		{BE630FBE-D5B0-4834-AA08-386F36588829}.Debug|Any CPU.Build.0 = Debug|Any CPU
		{BE630FBE-D5B0-4834-AA08-386F36588829}.Release|Any CPU.ActiveCfg = Release|Any CPU
		{BE630FBE-D5B0-4834-AA08-386F36588829}.Release|Any CPU.Build.0 = Release|Any CPU
		{DED5A2C3-C736-44D6-B15C-D985A404E8E0}.Debug|Any CPU.ActiveCfg = Debug|Any CPU
		{DED5A2C3-C736-44D6-B15C-D985A404E8E0}.Debug|Any CPU.Build.0 = Debug|Any CPU
		{DED5A2C3-C736-44D6-B15C-D985A404E8E0}.Release|Any CPU.ActiveCfg = Release|Any CPU
		{DED5A2C3-C736-44D6-B15C-D985A404E8E0}.Release|Any CPU.Build.0 = Release|Any CPU
		{78E4FB5C-CAD8-4B4D-A14D-58072074E818}.Debug|Any CPU.ActiveCfg = Debug|Any CPU
		{78E4FB5C-CAD8-4B4D-A14D-58072074E818}.Debug|Any CPU.Build.0 = Debug|Any CPU
		{78E4FB5C-CAD8-4B4D-A14D-58072074E818}.Release|Any CPU.ActiveCfg = Release|Any CPU
		{78E4FB5C-CAD8-4B4D-A14D-58072074E818}.Release|Any CPU.Build.0 = Release|Any CPU
		{BCA7330C-CB0D-4C83-AF23-163845D8C8BF}.Debug|Any CPU.ActiveCfg = Debug|Any CPU
		{BCA7330C-CB0D-4C83-AF23-163845D8C8BF}.Debug|Any CPU.Build.0 = Debug|Any CPU
		{BCA7330C-CB0D-4C83-AF23-163845D8C8BF}.Release|Any CPU.ActiveCfg = Release|Any CPU
		{BCA7330C-CB0D-4C83-AF23-163845D8C8BF}.Release|Any CPU.Build.0 = Release|Any CPU
		{55D3E5F7-42FC-485C-A25A-2A5B19841763}.Debug|Any CPU.ActiveCfg = Debug|Any CPU
		{55D3E5F7-42FC-485C-A25A-2A5B19841763}.Debug|Any CPU.Build.0 = Debug|Any CPU
		{55D3E5F7-42FC-485C-A25A-2A5B19841763}.Release|Any CPU.ActiveCfg = Release|Any CPU
		{55D3E5F7-42FC-485C-A25A-2A5B19841763}.Release|Any CPU.Build.0 = Release|Any CPU
	EndGlobalSection
	GlobalSection(SolutionProperties) = preSolution
		HideSolutionNode = FALSE
	EndGlobalSection
	GlobalSection(NestedProjects) = preSolution
		{4DE05818-7221-401F-9EB2-83635DFE301E} = {79E8F122-6254-4416-A3B1-073C60020402}
		{7995BE97-CA72-43E0-B1A8-E92BDE005168} = {79E8F122-6254-4416-A3B1-073C60020402}
		{BB5B6213-55CA-4432-AAC2-949F346360EF} = {79E8F122-6254-4416-A3B1-073C60020402}
		{AA98D28F-DDBD-498E-94C2-CA6959806017} = {ACC4F2E2-B852-4766-94A1-E094FAEF4EB5}
		{3FA4ACB3-0AF3-4DC2-872E-534052F3F3A2} = {ACC4F2E2-B852-4766-94A1-E094FAEF4EB5}
		{8C81B535-C00D-4808-89F1-191FFFAFAA09} = {ACC4F2E2-B852-4766-94A1-E094FAEF4EB5}
		{A02B22C9-C5BD-4CAE-A13E-A077ED1B117D} = {A8203789-1F64-406B-99E7-965924F4E462}
		{35905C7F-4DE5-4B0D-93BC-CA208ADFA8DE} = {A8203789-1F64-406B-99E7-965924F4E462}
		{82DCC8F6-9A4D-4E46-B648-2D2FA0DA4C92} = {A8203789-1F64-406B-99E7-965924F4E462}
		{4B6A957F-858C-41B3-8495-08D6D1C7905C} = {B9222B0D-2D28-4580-B14E-26426C189F8E}
		{BE630FBE-D5B0-4834-AA08-386F36588829} = {B9222B0D-2D28-4580-B14E-26426C189F8E}
		{DED5A2C3-C736-44D6-B15C-D985A404E8E0} = {B9222B0D-2D28-4580-B14E-26426C189F8E}
		{78E4FB5C-CAD8-4B4D-A14D-58072074E818} = {DA4385BE-9131-4FC8-876B-74E8A41931BD}
		{BCA7330C-CB0D-4C83-AF23-163845D8C8BF} = {DA4385BE-9131-4FC8-876B-74E8A41931BD}
		{55D3E5F7-42FC-485C-A25A-2A5B19841763} = {DA4385BE-9131-4FC8-876B-74E8A41931BD}
	EndGlobalSection
	GlobalSection(ExtensibilityGlobals) = postSolution
		SolutionGuid = {25FC271D-9B37-4D75-9541-151894C187F1}
	EndGlobalSection
EndGlobal
